// !$*UTF8*$!
{
	archiveVersion = 1;
	classes = {
	};
	objectVersion = 56;
	objects = {

/* Begin PBXBuildFile section */
		BA066CEC2E1CD89D00B4C993 /* VideoBgRemoverApp.swift in Sources */ = {isa = PBXBuildFile; fileRef = BA066CEB2E1CD89D00B4C993 /* VideoBgRemoverApp.swift */; };
		BA066CEE2E1CD89D00B4C993 /* ContentView.swift in Sources */ = {isa = PBXBuildFile; fileRef = BA066CED2E1CD89D00B4C993 /* ContentView.swift */; };
		BA066CF02E1CD89F00B4C993 /* Assets.xcassets in Resources */ = {isa = PBXBuildFile; fileRef = BA066CEF2E1CD89F00B4C993 /* Assets.xcassets */; };
		BA066CF32E1CD89F00B4C993 /* Preview Assets.xcassets in Resources */ = {isa = PBXBuildFile; fileRef = BA066CF22E1CD89F00B4C993 /* Preview Assets.xcassets */; };
		BAAD96652E1F9CC700D856E0 /* UIImage+PixelBuffer.swift in Sources */ = {isa = PBXBuildFile; fileRef = BAAD96642E1F9CC700D856E0 /* UIImage+PixelBuffer.swift */; };
		BAAD96672E1F9D0C00D856E0 /* VideoPicker.swift in Sources */ = {isa = PBXBuildFile; fileRef = BAAD96662E1F9D0C00D856E0 /* VideoPicker.swift */; };
		BAAD96692E1F9F9800D856E0 /* ViewModel.swift in Sources */ = {isa = PBXBuildFile; fileRef = BAAD96682E1F9F9800D856E0 /* ViewModel.swift */; };
/* End PBXBuildFile section */

/* Begin PBXFileReference section */
		BA066CE82E1CD89D00B4C993 /* VideoBgRemover.app */ = {isa = PBXFileReference; explicitFileType = wrapper.application; includeInIndex = 0; path = VideoBgRemover.app; sourceTree = BUILT_PRODUCTS_DIR; };
		BA066CEB2E1CD89D00B4C993 /* VideoBgRemoverApp.swift */ = {isa = PBXFileReference; lastKnownFileType = sourcecode.swift; path = VideoBgRemoverApp.swift; sourceTree = "<group>"; };
		BA066CED2E1CD89D00B4C993 /* ContentView.swift */ = {isa = PBXFileReference; lastKnownFileType = sourcecode.swift; path = ContentView.swift; sourceTree = "<group>"; };
		BA066CEF2E1CD89F00B4C993 /* Assets.xcassets */ = {isa = PBXFileReference; lastKnownFileType = folder.assetcatalog; path = Assets.xcassets; sourceTree = "<group>"; };
		BA066CF22E1CD89F00B4C993 /* Preview Assets.xcassets */ = {isa = PBXFileReference; lastKnownFileType = folder.assetcatalog; path = "Preview Assets.xcassets"; sourceTree = "<group>"; };
		BAAD96642E1F9CC700D856E0 /* UIImage+PixelBuffer.swift */ = {isa = PBXFileReference; lastKnownFileType = sourcecode.swift; path = "UIImage+PixelBuffer.swift"; sourceTree = "<group>"; };
		BAAD96662E1F9D0C00D856E0 /* VideoPicker.swift */ = {isa = PBXFileReference; lastKnownFileType = sourcecode.swift; path = VideoPicker.swift; sourceTree = "<group>"; };
		BAAD96682E1F9F9800D856E0 /* ViewModel.swift */ = {isa = PBXFileReference; lastKnownFileType = sourcecode.swift; path = ViewModel.swift; sourceTree = "<group>"; };
/* End PBXFileReference section */

/* Begin PBXFrameworksBuildPhase section */
		BA066CE52E1CD89D00B4C993 /* Frameworks */ = {
			isa = PBXFrameworksBuildPhase;
			buildActionMask = 2147483647;
			files = (
			);
			runOnlyForDeploymentPostprocessing = 0;
		};
/* End PBXFrameworksBuildPhase section */

/* Begin PBXGroup section */
		BA066CDF2E1CD89D00B4C993 = {
			isa = PBXGroup;
			children = (
				BA066CEA2E1CD89D00B4C993 /* VideoBgRemover */,
				BA066CE92E1CD89D00B4C993 /* Products */,
			);
			sourceTree = "<group>";
		};
		BA066CE92E1CD89D00B4C993 /* Products */ = {
			isa = PBXGroup;
			children = (
				BA066CE82E1CD89D00B4C993 /* VideoBgRemover.app */,
			);
			name = Products;
			sourceTree = "<group>";
		};
		BA066CEA2E1CD89D00B4C993 /* VideoBgRemover */ = {
			isa = PBXGroup;
			children = (
				BA066CEB2E1CD89D00B4C993 /* VideoBgRemoverApp.swift */,
				BA066CED2E1CD89D00B4C993 /* ContentView.swift */,
				BA066CEF2E1CD89F00B4C993 /* Assets.xcassets */,
				BA066CF12E1CD89F00B4C993 /* Preview Content */,
				BAAD96642E1F9CC700D856E0 /* UIImage+PixelBuffer.swift */,
				BAAD96662E1F9D0C00D856E0 /* VideoPicker.swift */,
				BAAD96682E1F9F9800D856E0 /* ViewModel.swift */,
			);
			path = VideoBgRemover;
			sourceTree = "<group>";
		};
		BA066CF12E1CD89F00B4C993 /* Preview Content */ = {
			isa = PBXGroup;
			children = (
				BA066CF22E1CD89F00B4C993 /* Preview Assets.xcassets */,
			);
			path = "Preview Content";
			sourceTree = "<group>";
		};
/* End PBXGroup section */

/* Begin PBXNativeTarget section */
		BA066CE72E1CD89D00B4C993 /* VideoBgRemover */ = {
			isa = PBXNativeTarget;
			buildConfigurationList = BA066CF62E1CD89F00B4C993 /* Build configuration list for PBXNativeTarget "VideoBgRemover" */;
			buildPhases = (
				BA066CE42E1CD89D00B4C993 /* Sources */,
				BA066CE52E1CD89D00B4C993 /* Frameworks */,
				BA066CE62E1CD89D00B4C993 /* Resources */,
			);
			buildRules = (
			);
			dependencies = (
			);
			name = VideoBgRemover;
			productName = VideoBgRemover;
			productReference = BA066CE82E1CD89D00B4C993 /* VideoBgRemover.app */;
			productType = "com.apple.product-type.application";
		};
/* End PBXNativeTarget section */

/* Begin PBXProject section */
		BA066CE02E1CD89D00B4C993 /* Project object */ = {
			isa = PBXProject;
			attributes = {
				BuildIndependentTargetsInParallel = 1;
				LastSwiftUpdateCheck = 1520;
				LastUpgradeCheck = 1520;
				TargetAttributes = {
					BA066CE72E1CD89D00B4C993 = {
						CreatedOnToolsVersion = 15.2;
					};
				};
			};
			buildConfigurationList = BA066CE32E1CD89D00B4C993 /* Build configuration list for PBXProject "VideoBgRemover" */;
			compatibilityVersion = "Xcode 14.0";
			developmentRegion = en;
			hasScannedForEncodings = 0;
			knownRegions = (
				en,
				Base,
			);
			mainGroup = BA066CDF2E1CD89D00B4C993;
			productRefGroup = BA066CE92E1CD89D00B4C993 /* Products */;
			projectDirPath = "";
			projectRoot = "";
			targets = (
				BA066CE72E1CD89D00B4C993 /* VideoBgRemover */,
			);
		};
/* End PBXProject section */

/* Begin PBXResourcesBuildPhase section */
		BA066CE62E1CD89D00B4C993 /* Resources */ = {
			isa = PBXResourcesBuildPhase;
			buildActionMask = 2147483647;
			files = (
				BA066CF32E1CD89F00B4C993 /* Preview Assets.xcassets in Resources */,
				BA066CF02E1CD89F00B4C993 /* Assets.xcassets in Resources */,
			);
			runOnlyForDeploymentPostprocessing = 0;
		};
/* End PBXResourcesBuildPhase section */

/* Begin PBXSourcesBuildPhase section */
		BA066CE42E1CD89D00B4C993 /* Sources */ = {
			isa = PBXSourcesBuildPhase;
			buildActionMask = 2147483647;
			files = (
				BA066CEE2E1CD89D00B4C993 /* ContentView.swift in Sources */,
				BAAD96652E1F9CC700D856E0 /* UIImage+PixelBuffer.swift in Sources */,
				BAAD96672E1F9D0C00D856E0 /* VideoPicker.swift in Sources */,
				BA066CEC2E1CD89D00B4C993 /* VideoBgRemoverApp.swift in Sources */,
				BAAD96692E1F9F9800D856E0 /* ViewModel.swift in Sources */,
			);
			runOnlyForDeploymentPostprocessing = 0;
		};
/* End PBXSourcesBuildPhase section */

/* Begin XCBuildConfiguration section */
		BA066CF42E1CD89F00B4C993 /* Debug */ = {
			isa = XCBuildConfiguration;
			buildSettings = {
				ALWAYS_SEARCH_USER_PATHS = NO;
				ASSETCATALOG_COMPILER_GENERATE_SWIFT_ASSET_SYMBOL_EXTENSIONS = YES;
				CLANG_ANALYZER_NONNULL = YES;
				CLANG_ANALYZER_NUMBER_OBJECT_CONVERSION = YES_AGGRESSIVE;
				CLANG_CXX_LANGUAGE_STANDARD = "gnu++20";
				CLANG_ENABLE_MODULES = YES;
				CLANG_ENABLE_OBJC_ARC = YES;
				CLANG_ENABLE_OBJC_WEAK = YES;
				CLANG_WARN_BLOCK_CAPTURE_AUTORELEASING = YES;
				CLANG_WARN_BOOL_CONVERSION = YES;
				CLANG_WARN_COMMA = YES;
				CLANG_WARN_CONSTANT_CONVERSION = YES;
				CLANG_WARN_DEPRECATED_OBJC_IMPLEMENTATIONS = YES;
				CLANG_WARN_DIRECT_OBJC_ISA_USAGE = YES_ERROR;
				CLANG_WARN_DOCUMENTATION_COMMENTS = YES;
				CLANG_WARN_EMPTY_BODY = YES;
				CLANG_WARN_ENUM_CONVERSION = YES;
				CLANG_WARN_INFINITE_RECURSION = YES;
				CLANG_WARN_INT_CONVERSION = YES;
				CLANG_WARN_NON_LITERAL_NULL_CONVERSION = YES;
				CLANG_WARN_OBJC_IMPLICIT_RETAIN_SELF = YES;
				CLANG_WARN_OBJC_LITERAL_CONVERSION = YES;
				CLANG_WARN_OBJC_ROOT_CLASS = YES_ERROR;
				CLANG_WARN_QUOTED_INCLUDE_IN_FRAMEWORK_HEADER = YES;
				CLANG_WARN_RANGE_LOOP_ANALYSIS = YES;
				CLANG_WARN_STRICT_PROTOTYPES = YES;
				CLANG_WARN_SUSPICIOUS_MOVE = YES;
				CLANG_WARN_UNGUARDED_AVAILABILITY = YES_AGGRESSIVE;
				CLANG_WARN_UNREACHABLE_CODE = YES;
				CLANG_WARN__DUPLICATE_METHOD_MATCH = YES;
				COPY_PHASE_STRIP = NO;
				DEBUG_INFORMATION_FORMAT = dwarf;
				ENABLE_STRICT_OBJC_MSGSEND = YES;
				ENABLE_TESTABILITY = YES;
				ENABLE_USER_SCRIPT_SANDBOXING = YES;
				GCC_C_LANGUAGE_STANDARD = gnu17;
				GCC_DYNAMIC_NO_PIC = NO;
				GCC_NO_COMMON_BLOCKS = YES;
				GCC_OPTIMIZATION_LEVEL = 0;
				GCC_PREPROCESSOR_DEFINITIONS = (
					"DEBUG=1",
					"$(inherited)",
				);
				GCC_WARN_64_TO_32_BIT_CONVERSION = YES;
				GCC_WARN_ABOUT_RETURN_TYPE = YES_ERROR;
				GCC_WARN_UNDECLARED_SELECTOR = YES;
				GCC_WARN_UNINITIALIZED_AUTOS = YES_AGGRESSIVE;
				GCC_WARN_UNUSED_FUNCTION = YES;
				GCC_WARN_UNUSED_VARIABLE = YES;
				IPHONEOS_DEPLOYMENT_TARGET = 17.2;
				LOCALIZATION_PREFERS_STRING_CATALOGS = YES;
				MTL_ENABLE_DEBUG_INFO = INCLUDE_SOURCE;
				MTL_FAST_MATH = YES;
				ONLY_ACTIVE_ARCH = YES;
				SDKROOT = iphoneos;
				SWIFT_ACTIVE_COMPILATION_CONDITIONS = "DEBUG $(inherited)";
				SWIFT_OPTIMIZATION_LEVEL = "-Onone";
			};
			name = Debug;
		};
		BA066CF52E1CD89F00B4C993 /* Release */ = {
			isa = XCBuildConfiguration;
			buildSettings = {
				ALWAYS_SEARCH_USER_PATHS = NO;
				ASSETCATALOG_COMPILER_GENERATE_SWIFT_ASSET_SYMBOL_EXTENSIONS = YES;
				CLANG_ANALYZER_NONNULL = YES;
				CLANG_ANALYZER_NUMBER_OBJECT_CONVERSION = YES_AGGRESSIVE;
				CLANG_CXX_LANGUAGE_STANDARD = "gnu++20";
				CLANG_ENABLE_MODULES = YES;
				CLANG_ENABLE_OBJC_ARC = YES;
				CLANG_ENABLE_OBJC_WEAK = YES;
				CLANG_WARN_BLOCK_CAPTURE_AUTORELEASING = YES;
				CLANG_WARN_BOOL_CONVERSION = YES;
				CLANG_WARN_COMMA = YES;
				CLANG_WARN_CONSTANT_CONVERSION = YES;
				CLANG_WARN_DEPRECATED_OBJC_IMPLEMENTATIONS = YES;
				CLANG_WARN_DIRECT_OBJC_ISA_USAGE = YES_ERROR;
				CLANG_WARN_DOCUMENTATION_COMMENTS = YES;
				CLANG_WARN_EMPTY_BODY = YES;
				CLANG_WARN_ENUM_CONVERSION = YES;
				CLANG_WARN_INFINITE_RECURSION = YES;
				CLANG_WARN_INT_CONVERSION = YES;
				CLANG_WARN_NON_LITERAL_NULL_CONVERSION = YES;
				CLANG_WARN_OBJC_IMPLICIT_RETAIN_SELF = YES;
				CLANG_WARN_OBJC_LITERAL_CONVERSION = YES;
				CLANG_WARN_OBJC_ROOT_CLASS = YES_ERROR;
				CLANG_WARN_QUOTED_INCLUDE_IN_FRAMEWORK_HEADER = YES;
				CLANG_WARN_RANGE_LOOP_ANALYSIS = YES;
				CLANG_WARN_STRICT_PROTOTYPES = YES;
				CLANG_WARN_SUSPICIOUS_MOVE = YES;
				CLANG_WARN_UNGUARDED_AVAILABILITY = YES_AGGRESSIVE;
				CLANG_WARN_UNREACHABLE_CODE = YES;
				CLANG_WARN__DUPLICATE_METHOD_MATCH = YES;
				COPY_PHASE_STRIP = NO;
				DEBUG_INFORMATION_FORMAT = "dwarf-with-dsym";
				ENABLE_NS_ASSERTIONS = NO;
				ENABLE_STRICT_OBJC_MSGSEND = YES;
				ENABLE_USER_SCRIPT_SANDBOXING = YES;
				GCC_C_LANGUAGE_STANDARD = gnu17;
				GCC_NO_COMMON_BLOCKS = YES;
				GCC_WARN_64_TO_32_BIT_CONVERSION = YES;
				GCC_WARN_ABOUT_RETURN_TYPE = YES_ERROR;
				GCC_WARN_UNDECLARED_SELECTOR = YES;
				GCC_WARN_UNINITIALIZED_AUTOS = YES_AGGRESSIVE;
				GCC_WARN_UNUSED_FUNCTION = YES;
				GCC_WARN_UNUSED_VARIABLE = YES;
				IPHONEOS_DEPLOYMENT_TARGET = 17.2;
				LOCALIZATION_PREFERS_STRING_CATALOGS = YES;
				MTL_ENABLE_DEBUG_INFO = NO;
				MTL_FAST_MATH = YES;
				SDKROOT = iphoneos;
				SWIFT_COMPILATION_MODE = wholemodule;
				VALIDATE_PRODUCT = YES;
			};
			name = Release;
		};
		BA066CF72E1CD89F00B4C993 /* Debug */ = {
			isa = XCBuildConfiguration;
			buildSettings = {
				ASSETCATALOG_COMPILER_APPICON_NAME = AppIcon;
				ASSETCATALOG_COMPILER_GLOBAL_ACCENT_COLOR_NAME = AccentColor;
				CODE_SIGN_STYLE = Automatic;
				CURRENT_PROJECT_VERSION = 1;
				DEVELOPMENT_ASSET_PATHS = "\"VideoBgRemover/Preview Content\"";
				DEVELOPMENT_TEAM = YBC6QZE5G7;
				ENABLE_PREVIEWS = YES;
				GENERATE_INFOPLIST_FILE = YES;
				INFOPLIST_KEY_UIApplicationSceneManifest_Generation = YES;
				INFOPLIST_KEY_UIApplicationSupportsIndirectInputEvents = YES;
				INFOPLIST_KEY_UILaunchScreen_Generation = YES;
				INFOPLIST_KEY_UISupportedInterfaceOrientations_iPad = "UIInterfaceOrientationPortrait UIInterfaceOrientationPortraitUpsideDown UIInterfaceOrientationLandscapeLeft UIInterfaceOrientationLandscapeRight";
				INFOPLIST_KEY_UISupportedInterfaceOrientations_iPhone = "UIInterfaceOrientationPortrait UIInterfaceOrientationLandscapeLeft UIInterfaceOrientationLandscapeRight";
				LD_RUNPATH_SEARCH_PATHS = (
					"$(inherited)",
					"@executable_path/Frameworks",
				);
				MARKETING_VERSION = 1.0;
				PRODUCT_BUNDLE_IDENTIFIER = com.app.VideoBgRemover;
				PRODUCT_NAME = "$(TARGET_NAME)";
				SWIFT_EMIT_LOC_STRINGS = YES;
				SWIFT_VERSION = 5.0;
				TARGETED_DEVICE_FAMILY = "1,2";
			};
			name = Debug;
		};
		BA066CF82E1CD89F00B4C993 /* Release */ = {
			isa = XCBuildConfiguration;
			buildSettings = {
				ASSETCATALOG_COMPILER_APPICON_NAME = AppIcon;
				ASSETCATALOG_COMPILER_GLOBAL_ACCENT_COLOR_NAME = AccentColor;
				CODE_SIGN_STYLE = Automatic;
				CURRENT_PROJECT_VERSION = 1;
				DEVELOPMENT_ASSET_PATHS = "\"VideoBgRemover/Preview Content\"";
				DEVELOPMENT_TEAM = YBC6QZE5G7;
				ENABLE_PREVIEWS = YES;
				GENERATE_INFOPLIST_FILE = YES;
				INFOPLIST_KEY_UIApplicationSceneManifest_Generation = YES;
				INFOPLIST_KEY_UIApplicationSupportsIndirectInputEvents = YES;
				INFOPLIST_KEY_UILaunchScreen_Generation = YES;
				INFOPLIST_KEY_UISupportedInterfaceOrientations_iPad = "UIInterfaceOrientationPortrait UIInterfaceOrientationPortraitUpsideDown UIInterfaceOrientationLandscapeLeft UIInterfaceOrientationLandscapeRight";
				INFOPLIST_KEY_UISupportedInterfaceOrientations_iPhone = "UIInterfaceOrientationPortrait UIInterfaceOrientationLandscapeLeft UIInterfaceOrientationLandscapeRight";
				LD_RUNPATH_SEARCH_PATHS = (
					"$(inherited)",
					"@executable_path/Frameworks",
				);
				MARKETING_VERSION = 1.0;
				PRODUCT_BUNDLE_IDENTIFIER = com.app.VideoBgRemover;
				PRODUCT_NAME = "$(TARGET_NAME)";
				SWIFT_EMIT_LOC_STRINGS = YES;
				SWIFT_VERSION = 5.0;
				TARGETED_DEVICE_FAMILY = "1,2";
			};
			name = Release;
		};
/* End XCBuildConfiguration section */

/* Begin XCConfigurationList section */
		BA066CE32E1CD89D00B4C993 /* Build configuration list for PBXProject "VideoBgRemover" */ = {
			isa = XCConfigurationList;
			buildConfigurations = (
				BA066CF42E1CD89F00B4C993 /* Debug */,
				BA066CF52E1CD89F00B4C993 /* Release */,
			);
			defaultConfigurationIsVisible = 0;
			defaultConfigurationName = Release;
		};
		BA066CF62E1CD89F00B4C993 /* Build configuration list for PBXNativeTarget "VideoBgRemover" */ = {
			isa = XCConfigurationList;
			buildConfigurations = (
				BA066CF72E1CD89F00B4C993 /* Debug */,
				BA066CF82E1CD89F00B4C993 /* Release */,
			);
			defaultConfigurationIsVisible = 0;
			defaultConfigurationName = Release;
		};
/* End XCConfigurationList section */
	};
	rootObject = BA066CE02E1CD89D00B4C993 /* Project object */;
}
